// !$*UTF8*$!
{
	archiveVersion = 1;
	classes = {
	};
	objectVersion = 46;
	objects = {

/* Begin PBXBuildFile section */
		52F50FCD1EF51407003F5117 /* AppDelegate.swift in Sources */ = {isa = PBXBuildFile; fileRef = 52F50FCC1EF51407003F5117 /* AppDelegate.swift */; };
		52F50FCF1EF51407003F5117 /* WeatherVC.swift in Sources */ = {isa = PBXBuildFile; fileRef = 52F50FCE1EF51407003F5117 /* WeatherVC.swift */; };
		52F50FD21EF51407003F5117 /* Main.storyboard in Resources */ = {isa = PBXBuildFile; fileRef = 52F50FD01EF51407003F5117 /* Main.storyboard */; };
		52F50FD41EF51407003F5117 /* Assets.xcassets in Resources */ = {isa = PBXBuildFile; fileRef = 52F50FD31EF51407003F5117 /* Assets.xcassets */; };
		52F50FD71EF51407003F5117 /* LaunchScreen.storyboard in Resources */ = {isa = PBXBuildFile; fileRef = 52F50FD51EF51407003F5117 /* LaunchScreen.storyboard */; };
		52F50FDF1EF7C736003F5117 /* Constants.swift in Sources */ = {isa = PBXBuildFile; fileRef = 52F50FDE1EF7C736003F5117 /* Constants.swift */; };
		52F50FE11EF7CB53003F5117 /* CurrentWeather.swift in Sources */ = {isa = PBXBuildFile; fileRef = 52F50FE01EF7CB53003F5117 /* CurrentWeather.swift */; };
		52F50FE31EF8647D003F5117 /* Forecast.swift in Sources */ = {isa = PBXBuildFile; fileRef = 52F50FE21EF8647D003F5117 /* Forecast.swift */; };
		52F50FE51EF89DD8003F5117 /* WeatherCell.swift in Sources */ = {isa = PBXBuildFile; fileRef = 52F50FE41EF89DD8003F5117 /* WeatherCell.swift */; };
		6B447231E1FD89A28F746314 /* Pods_rainyshinycloudy.framework in Frameworks */ = {isa = PBXBuildFile; fileRef = 5F26C4BAF82D386D3542109E /* Pods_rainyshinycloudy.framework */; };
/* End PBXBuildFile section */

/* Begin PBXFileReference section */
		1304AC003375A86ED14408F8 /* Pods-rainyshinycloudy.release.xcconfig */ = {isa = PBXFileReference; includeInIndex = 1; lastKnownFileType = text.xcconfig; name = "Pods-rainyshinycloudy.release.xcconfig"; path = "Pods/Target Support Files/Pods-rainyshinycloudy/Pods-rainyshinycloudy.release.xcconfig"; sourceTree = "<group>"; };
		52F50FC91EF51407003F5117 /* rainyshinycloudy.app */ = {isa = PBXFileReference; explicitFileType = wrapper.application; includeInIndex = 0; path = rainyshinycloudy.app; sourceTree = BUILT_PRODUCTS_DIR; };
		52F50FCC1EF51407003F5117 /* AppDelegate.swift */ = {isa = PBXFileReference; lastKnownFileType = sourcecode.swift; path = AppDelegate.swift; sourceTree = "<group>"; };
		52F50FCE1EF51407003F5117 /* WeatherVC.swift */ = {isa = PBXFileReference; lastKnownFileType = sourcecode.swift; path = WeatherVC.swift; sourceTree = "<group>"; };
		52F50FD11EF51407003F5117 /* Base */ = {isa = PBXFileReference; lastKnownFileType = file.storyboard; name = Base; path = Base.lproj/Main.storyboard; sourceTree = "<group>"; };
		52F50FD31EF51407003F5117 /* Assets.xcassets */ = {isa = PBXFileReference; lastKnownFileType = folder.assetcatalog; path = Assets.xcassets; sourceTree = "<group>"; };
		52F50FD61EF51407003F5117 /* Base */ = {isa = PBXFileReference; lastKnownFileType = file.storyboard; name = Base; path = Base.lproj/LaunchScreen.storyboard; sourceTree = "<group>"; };
		52F50FD81EF51407003F5117 /* Info.plist */ = {isa = PBXFileReference; lastKnownFileType = text.plist.xml; path = Info.plist; sourceTree = "<group>"; };
		52F50FDE1EF7C736003F5117 /* Constants.swift */ = {isa = PBXFileReference; fileEncoding = 4; lastKnownFileType = sourcecode.swift; name = Constants.swift; path = ../Constants.swift; sourceTree = "<group>"; };
		52F50FE01EF7CB53003F5117 /* CurrentWeather.swift */ = {isa = PBXFileReference; fileEncoding = 4; lastKnownFileType = sourcecode.swift; path = CurrentWeather.swift; sourceTree = "<group>"; };
		52F50FE21EF8647D003F5117 /* Forecast.swift */ = {isa = PBXFileReference; fileEncoding = 4; lastKnownFileType = sourcecode.swift; path = Forecast.swift; sourceTree = "<group>"; };
		52F50FE41EF89DD8003F5117 /* WeatherCell.swift */ = {isa = PBXFileReference; fileEncoding = 4; lastKnownFileType = sourcecode.swift; path = WeatherCell.swift; sourceTree = "<group>"; };
		5F26C4BAF82D386D3542109E /* Pods_rainyshinycloudy.framework */ = {isa = PBXFileReference; explicitFileType = wrapper.framework; includeInIndex = 0; path = Pods_rainyshinycloudy.framework; sourceTree = BUILT_PRODUCTS_DIR; };
		F504B920B5E70C4A1E4C0C6C /* Pods-rainyshinycloudy.debug.xcconfig */ = {isa = PBXFileReference; includeInIndex = 1; lastKnownFileType = text.xcconfig; name = "Pods-rainyshinycloudy.debug.xcconfig"; path = "Pods/Target Support Files/Pods-rainyshinycloudy/Pods-rainyshinycloudy.debug.xcconfig"; sourceTree = "<group>"; };
/* End PBXFileReference section */

/* Begin PBXFrameworksBuildPhase section */
		52F50FC61EF51407003F5117 /* Frameworks */ = {
			isa = PBXFrameworksBuildPhase;
			buildActionMask = 2147483647;
			files = (
				6B447231E1FD89A28F746314 /* Pods_rainyshinycloudy.framework in Frameworks */,
			);
			runOnlyForDeploymentPostprocessing = 0;
		};
/* End PBXFrameworksBuildPhase section */

/* Begin PBXGroup section */
		2229AFA70A8E976DA9803DCC /* Frameworks */ = {
			isa = PBXGroup;
			children = (
				5F26C4BAF82D386D3542109E /* Pods_rainyshinycloudy.framework */,
			);
			name = Frameworks;
			sourceTree = "<group>";
		};
		52F50FC01EF51407003F5117 = {
			isa = PBXGroup;
			children = (
				52F50FCB1EF51407003F5117 /* rainyshinycloudy */,
				52F50FCA1EF51407003F5117 /* Products */,
				B03377C08FCD9A42CCD9F473 /* Pods */,
				2229AFA70A8E976DA9803DCC /* Frameworks */,
			);
			sourceTree = "<group>";
		};
		52F50FCA1EF51407003F5117 /* Products */ = {
			isa = PBXGroup;
			children = (
				52F50FC91EF51407003F5117 /* rainyshinycloudy.app */,
			);
			name = Products;
			sourceTree = "<group>";
		};
		52F50FCB1EF51407003F5117 /* rainyshinycloudy */ = {
			isa = PBXGroup;
			children = (
				52F50FDE1EF7C736003F5117 /* Constants.swift */,
				52F50FCC1EF51407003F5117 /* AppDelegate.swift */,
				52F50FCE1EF51407003F5117 /* WeatherVC.swift */,
				52F50FD01EF51407003F5117 /* Main.storyboard */,
				52F50FD31EF51407003F5117 /* Assets.xcassets */,
				52F50FD51EF51407003F5117 /* LaunchScreen.storyboard */,
				52F50FD81EF51407003F5117 /* Info.plist */,
				52F50FE01EF7CB53003F5117 /* CurrentWeather.swift */,
				52F50FE21EF8647D003F5117 /* Forecast.swift */,
				52F50FE41EF89DD8003F5117 /* WeatherCell.swift */,
			);
			path = rainyshinycloudy;
			sourceTree = "<group>";
		};
		B03377C08FCD9A42CCD9F473 /* Pods */ = {
			isa = PBXGroup;
			children = (
				F504B920B5E70C4A1E4C0C6C /* Pods-rainyshinycloudy.debug.xcconfig */,
				1304AC003375A86ED14408F8 /* Pods-rainyshinycloudy.release.xcconfig */,
			);
			name = Pods;
			sourceTree = "<group>";
		};
/* End PBXGroup section */

/* Begin PBXNativeTarget section */
		52F50FC81EF51407003F5117 /* rainyshinycloudy */ = {
			isa = PBXNativeTarget;
			buildConfigurationList = 52F50FDB1EF51407003F5117 /* Build configuration list for PBXNativeTarget "rainyshinycloudy" */;
			buildPhases = (
				F2A1D0E148508E1F4179F470 /* [CP] Check Pods Manifest.lock */,
				52F50FC51EF51407003F5117 /* Sources */,
				52F50FC61EF51407003F5117 /* Frameworks */,
				52F50FC71EF51407003F5117 /* Resources */,
				540EE643C5F67F5310CA7606 /* [CP] Embed Pods Frameworks */,
				C29B3FBB641A2C25C41B468B /* [CP] Copy Pods Resources */,
			);
			buildRules = (
			);
			dependencies = (
			);
			name = rainyshinycloudy;
			productName = rainyshinycloudy;
			productReference = 52F50FC91EF51407003F5117 /* rainyshinycloudy.app */;
			productType = "com.apple.product-type.application";
		};
/* End PBXNativeTarget section */

/* Begin PBXProject section */
		52F50FC11EF51407003F5117 /* Project object */ = {
			isa = PBXProject;
			attributes = {
				LastSwiftUpdateCheck = 0830;
				LastUpgradeCheck = 0830;
				ORGANIZATIONNAME = "Raushan Sinha";
				TargetAttributes = {
					52F50FC81EF51407003F5117 = {
						CreatedOnToolsVersion = 8.3.3;
						DevelopmentTeam = J9RGPSH4EY;
						ProvisioningStyle = Automatic;
					};
				};
			};
			buildConfigurationList = 52F50FC41EF51407003F5117 /* Build configuration list for PBXProject "rainyshinycloudy" */;
			compatibilityVersion = "Xcode 3.2";
			developmentRegion = English;
			hasScannedForEncodings = 0;
			knownRegions = (
				en,
				Base,
			);
			mainGroup = 52F50FC01EF51407003F5117;
			productRefGroup = 52F50FCA1EF51407003F5117 /* Products */;
			projectDirPath = "";
			projectRoot = "";
			targets = (
				52F50FC81EF51407003F5117 /* rainyshinycloudy */,
			);
		};
/* End PBXProject section */

/* Begin PBXResourcesBuildPhase section */
		52F50FC71EF51407003F5117 /* Resources */ = {
			isa = PBXResourcesBuildPhase;
			buildActionMask = 2147483647;
			files = (
				52F50FD71EF51407003F5117 /* LaunchScreen.storyboard in Resources */,
				52F50FD41EF51407003F5117 /* Assets.xcassets in Resources */,
				52F50FD21EF51407003F5117 /* Main.storyboard in Resources */,
			);
			runOnlyForDeploymentPostprocessing = 0;
		};
/* End PBXResourcesBuildPhase section */

/* Begin PBXShellScriptBuildPhase section */
		540EE643C5F67F5310CA7606 /* [CP] Embed Pods Frameworks */ = {
			isa = PBXShellScriptBuildPhase;
			buildActionMask = 2147483647;
			files = (
			);
			inputPaths = (
			);
			name = "[CP] Embed Pods Frameworks";
			outputPaths = (
			);
			runOnlyForDeploymentPostprocessing = 0;
			shellPath = /bin/sh;
			shellScript = "\"${SRCROOT}/Pods/Target Support Files/Pods-rainyshinycloudy/Pods-rainyshinycloudy-frameworks.sh\"\n";
			showEnvVarsInLog = 0;
		};
		C29B3FBB641A2C25C41B468B /* [CP] Copy Pods Resources */ = {
			isa = PBXShellScriptBuildPhase;
			buildActionMask = 2147483647;
			files = (
			);
			inputPaths = (
			);
			name = "[CP] Copy Pods Resources";
			outputPaths = (
			);
			runOnlyForDeploymentPostprocessing = 0;
			shellPath = /bin/sh;
			shellScript = "\"${SRCROOT}/Pods/Target Support Files/Pods-rainyshinycloudy/Pods-rainyshinycloudy-resources.sh\"\n";
			showEnvVarsInLog = 0;
		};
		F2A1D0E148508E1F4179F470 /* [CP] Check Pods Manifest.lock */ = {
			isa = PBXShellScriptBuildPhase;
			buildActionMask = 2147483647;
			files = (
			);
			inputPaths = (
			);
			name = "[CP] Check Pods Manifest.lock";
			outputPaths = (
			);
			runOnlyForDeploymentPostprocessing = 0;
			shellPath = /bin/sh;
			shellScript = "diff \"${PODS_PODFILE_DIR_PATH}/Podfile.lock\" \"${PODS_ROOT}/Manifest.lock\" > /dev/null\nif [ $? != 0 ] ; then\n    # print error to STDERR\n    echo \"error: The sandbox is not in sync with the Podfile.lock. Run 'pod install' or update your CocoaPods installation.\" >&2\n    exit 1\nfi\n";
			showEnvVarsInLog = 0;
		};
/* End PBXShellScriptBuildPhase section */

/* Begin PBXSourcesBuildPhase section */
		52F50FC51EF51407003F5117 /* Sources */ = {
			isa = PBXSourcesBuildPhase;
			buildActionMask = 2147483647;
			files = (
				52F50FCF1EF51407003F5117 /* WeatherVC.swift in Sources */,
				52F50FCD1EF51407003F5117 /* AppDelegate.swift in Sources */,
				52F50FE51EF89DD8003F5117 /* WeatherCell.swift in Sources */,
				52F50FE11EF7CB53003F5117 /* CurrentWeather.swift in Sources */,
				52F50FDF1EF7C736003F5117 /* Constants.swift in Sources */,
				52F50FE31EF8647D003F5117 /* Forecast.swift in Sources */,
			);
			runOnlyForDeploymentPostprocessing = 0;
		};
/* End PBXSourcesBuildPhase section */

/* Begin PBXVariantGroup section */
		52F50FD01EF51407003F5117 /* Main.storyboard */ = {
			isa = PBXVariantGroup;
			children = (
				52F50FD11EF51407003F5117 /* Base */,
			);
			name = Main.storyboard;
			sourceTree = "<group>";
		};
		52F50FD51EF51407003F5117 /* LaunchScreen.storyboard */ = {
			isa = PBXVariantGroup;
			children = (
				52F50FD61EF51407003F5117 /* Base */,
			);
			name = LaunchScreen.storyboard;
			sourceTree = "<group>";
		};
/* End PBXVariantGroup section */

/* Begin XCBuildConfiguration section */
		52F50FD91EF51407003F5117 /* Debug */ = {
			isa = XCBuildConfiguration;
			buildSettings = {
				ALWAYS_SEARCH_USER_PATHS = NO;
				CLANG_ANALYZER_NONNULL = YES;
				CLANG_ANALYZER_NUMBER_OBJECT_CONVERSION = YES_AGGRESSIVE;
				CLANG_CXX_LANGUAGE_STANDARD = "gnu++0x";
				CLANG_CXX_LIBRARY = "libc++";
				CLANG_ENABLE_MODULES = YES;
				CLANG_ENABLE_OBJC_ARC = YES;
				CLANG_WARN_BOOL_CONVERSION = YES;
				CLANG_WARN_CONSTANT_CONVERSION = YES;
				CLANG_WARN_DIRECT_OBJC_ISA_USAGE = YES_ERROR;
				CLANG_WARN_DOCUMENTATION_COMMENTS = YES;
				CLANG_WARN_EMPTY_BODY = YES;
				CLANG_WARN_ENUM_CONVERSION = YES;
				CLANG_WARN_INFINITE_RECURSION = YES;
				CLANG_WARN_INT_CONVERSION = YES;
				CLANG_WARN_OBJC_ROOT_CLASS = YES_ERROR;
				CLANG_WARN_SUSPICIOUS_MOVE = YES;
				CLANG_WARN_UNREACHABLE_CODE = YES;
				CLANG_WARN__DUPLICATE_METHOD_MATCH = YES;
				"CODE_SIGN_IDENTITY[sdk=iphoneos*]" = "iPhone Developer";
				COPY_PHASE_STRIP = NO;
				DEBUG_INFORMATION_FORMAT = dwarf;
				ENABLE_STRICT_OBJC_MSGSEND = YES;
				ENABLE_TESTABILITY = YES;
				GCC_C_LANGUAGE_STANDARD = gnu99;
				GCC_DYNAMIC_NO_PIC = NO;
				GCC_NO_COMMON_BLOCKS = YES;
				GCC_OPTIMIZATION_LEVEL = 0;
				GCC_PREPROCESSOR_DEFINITIONS = (
					"DEBUG=1",
					"$(inherited)",
				);
				GCC_WARN_64_TO_32_BIT_CONVERSION = YES;
				GCC_WARN_ABOUT_RETURN_TYPE = YES_ERROR;
				GCC_WARN_UNDECLARED_SELECTOR = YES;
				GCC_WARN_UNINITIALIZED_AUTOS = YES_AGGRESSIVE;
				GCC_WARN_UNUSED_FUNCTION = YES;
				GCC_WARN_UNUSED_VARIABLE = YES;
				IPHONEOS_DEPLOYMENT_TARGET = 10.3;
				MTL_ENABLE_DEBUG_INFO = YES;
				ONLY_ACTIVE_ARCH = YES;
				SDKROOT = iphoneos;
				SWIFT_ACTIVE_COMPILATION_CONDITIONS = DEBUG;
				SWIFT_OPTIMIZATION_LEVEL = "-Onone";
			};
			name = Debug;
		};
		52F50FDA1EF51407003F5117 /* Release */ = {
			isa = XCBuildConfiguration;
			buildSettings = {
				ALWAYS_SEARCH_USER_PATHS = NO;
				CLANG_ANALYZER_NONNULL = YES;
				CLANG_ANALYZER_NUMBER_OBJECT_CONVERSION = YES_AGGRESSIVE;
				CLANG_CXX_LANGUAGE_STANDARD = "gnu++0x";
				CLANG_CXX_LIBRARY = "libc++";
				CLANG_ENABLE_MODULES = YES;
				CLANG_ENABLE_OBJC_ARC = YES;
				CLANG_WARN_BOOL_CONVERSION = YES;
				CLANG_WARN_CONSTANT_CONVERSION = YES;
				CLANG_WARN_DIRECT_OBJC_ISA_USAGE = YES_ERROR;
				CLANG_WARN_DOCUMENTATION_COMMENTS = YES;
				CLANG_WARN_EMPTY_BODY = YES;
				CLANG_WARN_ENUM_CONVERSION = YES;
				CLANG_WARN_INFINITE_RECURSION = YES;
				CLANG_WARN_INT_CONVERSION = YES;
				CLANG_WARN_OBJC_ROOT_CLASS = YES_ERROR;
				CLANG_WARN_SUSPICIOUS_MOVE = YES;
				CLANG_WARN_UNREACHABLE_CODE = YES;
				CLANG_WARN__DUPLICATE_METHOD_MATCH = YES;
				"CODE_SIGN_IDENTITY[sdk=iphoneos*]" = "iPhone Developer";
				COPY_PHASE_STRIP = NO;
				DEBUG_INFORMATION_FORMAT = "dwarf-with-dsym";
				ENABLE_NS_ASSERTIONS = NO;
				ENABLE_STRICT_OBJC_MSGSEND = YES;
				GCC_C_LANGUAGE_STANDARD = gnu99;
				GCC_NO_COMMON_BLOCKS = YES;
				GCC_WARN_64_TO_32_BIT_CONVERSION = YES;
				GCC_WARN_ABOUT_RETURN_TYPE = YES_ERROR;
				GCC_WARN_UNDECLARED_SELECTOR = YES;
				GCC_WARN_UNINITIALIZED_AUTOS = YES_AGGRESSIVE;
				GCC_WARN_UNUSED_FUNCTION = YES;
				GCC_WARN_UNUSED_VARIABLE = YES;
				IPHONEOS_DEPLOYMENT_TARGET = 10.3;
				MTL_ENABLE_DEBUG_INFO = NO;
				SDKROOT = iphoneos;
				SWIFT_OPTIMIZATION_LEVEL = "-Owholemodule";
				VALIDATE_PRODUCT = YES;
			};
			name = Release;
		};
		52F50FDC1EF51407003F5117 /* Debug */ = {
			isa = XCBuildConfiguration;
			baseConfigurationReference = F504B920B5E70C4A1E4C0C6C /* Pods-rainyshinycloudy.debug.xcconfig */;
			buildSettings = {
				ASSETCATALOG_COMPILER_APPICON_NAME = AppIcon;
				DEVELOPMENT_TEAM = J9RGPSH4EY;
				INFOPLIST_FILE = rainyshinycloudy/Info.plist;
				LD_RUNPATH_SEARCH_PATHS = "$(inherited) @executable_path/Frameworks";
				PRODUCT_BUNDLE_IDENTIFIER = com.raushansinha.rainyshinycloudy;
				PRODUCT_NAME = "$(TARGET_NAME)";
				SWIFT_VERSION = 3.0;
			};
			name = Debug;
		};
		52F50FDD1EF51407003F5117 /* Release */ = {
			isa = XCBuildConfiguration;
			baseConfigurationReference = 1304AC003375A86ED14408F8 /* Pods-rainyshinycloudy.release.xcconfig */;
			buildSettings = {
				ASSETCATALOG_COMPILER_APPICON_NAME = AppIcon;
				DEVELOPMENT_TEAM = J9RGPSH4EY;
				INFOPLIST_FILE = rainyshinycloudy/Info.plist;
				LD_RUNPATH_SEARCH_PATHS = "$(inherited) @executable_path/Frameworks";
				PRODUCT_BUNDLE_IDENTIFIER = com.raushansinha.rainyshinycloudy;
				PRODUCT_NAME = "$(TARGET_NAME)";
				SWIFT_VERSION = 3.0;
			};
			name = Release;
		};
/* End XCBuildConfiguration section */

/* Begin XCConfigurationList section */
		52F50FC41EF51407003F5117 /* Build configuration list for PBXProject "rainyshinycloudy" */ = {
			isa = XCConfigurationList;
			buildConfigurations = (
				52F50FD91EF51407003F5117 /* Debug */,
				52F50FDA1EF51407003F5117 /* Release */,
			);
			defaultConfigurationIsVisible = 0;
			defaultConfigurationName = Release;
		};
		52F50FDB1EF51407003F5117 /* Build configuration list for PBXNativeTarget "rainyshinycloudy" */ = {
			isa = XCConfigurationList;
			buildConfigurations = (
				52F50FDC1EF51407003F5117 /* Debug */,
				52F50FDD1EF51407003F5117 /* Release */,
			);
			defaultConfigurationIsVisible = 0;
			defaultConfigurationName = Release;
		};
/* End XCConfigurationList section */
	};
	rootObject = 52F50FC11EF51407003F5117 /* Project object */;
}
